// !$*UTF8*$!
{
	archiveVersion = 1;
	classes = {
	};
	objectVersion = 50;
	objects = {

/* Begin PBXBuildFile section */
		224E6C3D2163741700507A45 /* JoinViewController.swift in Sources */ = {isa = PBXBuildFile; fileRef = 224E6C3C2163741700507A45 /* JoinViewController.swift */; };
		224E6C4121637AD300507A45 /* ResultViewController.swift in Sources */ = {isa = PBXBuildFile; fileRef = 224E6C4021637AD300507A45 /* ResultViewController.swift */; };
		224E6C442163800F00507A45 /* ExtensionControl.swift in Sources */ = {isa = PBXBuildFile; fileRef = 224E6C432163800F00507A45 /* ExtensionControl.swift */; };
		22DA822D216262AE00F41133 /* AppDelegate.swift in Sources */ = {isa = PBXBuildFile; fileRef = 22DA822C216262AE00F41133 /* AppDelegate.swift */; };
		22DA822F216262AE00F41133 /* LoginViewController.swift in Sources */ = {isa = PBXBuildFile; fileRef = 22DA822E216262AE00F41133 /* LoginViewController.swift */; };
		22DA8232216262AE00F41133 /* Main.storyboard in Resources */ = {isa = PBXBuildFile; fileRef = 22DA8230216262AE00F41133 /* Main.storyboard */; };
		22DA8234216262B000F41133 /* Assets.xcassets in Resources */ = {isa = PBXBuildFile; fileRef = 22DA8233216262B000F41133 /* Assets.xcassets */; };
		22DA8237216262B000F41133 /* LaunchScreen.storyboard in Resources */ = {isa = PBXBuildFile; fileRef = 22DA8235216262B000F41133 /* LaunchScreen.storyboard */; };
/* End PBXBuildFile section */

/* Begin PBXFileReference section */
		224E6C3C2163741700507A45 /* JoinViewController.swift */ = {isa = PBXFileReference; lastKnownFileType = sourcecode.swift; path = JoinViewController.swift; sourceTree = "<group>"; };
		224E6C4021637AD300507A45 /* ResultViewController.swift */ = {isa = PBXFileReference; lastKnownFileType = sourcecode.swift; path = ResultViewController.swift; sourceTree = "<group>"; };
		224E6C432163800F00507A45 /* ExtensionControl.swift */ = {isa = PBXFileReference; lastKnownFileType = sourcecode.swift; path = ExtensionControl.swift; sourceTree = "<group>"; };
		22DA8229216262AE00F41133 /* iOS_HW1.app */ = {isa = PBXFileReference; explicitFileType = wrapper.application; includeInIndex = 0; path = iOS_HW1.app; sourceTree = BUILT_PRODUCTS_DIR; };
		22DA822C216262AE00F41133 /* AppDelegate.swift */ = {isa = PBXFileReference; lastKnownFileType = sourcecode.swift; path = AppDelegate.swift; sourceTree = "<group>"; };
		22DA822E216262AE00F41133 /* LoginViewController.swift */ = {isa = PBXFileReference; lastKnownFileType = sourcecode.swift; path = LoginViewController.swift; sourceTree = "<group>"; };
		22DA8231216262AE00F41133 /* Base */ = {isa = PBXFileReference; lastKnownFileType = file.storyboard; name = Base; path = Base.lproj/Main.storyboard; sourceTree = "<group>"; };
		22DA8233216262B000F41133 /* Assets.xcassets */ = {isa = PBXFileReference; lastKnownFileType = folder.assetcatalog; path = Assets.xcassets; sourceTree = "<group>"; };
		22DA8236216262B000F41133 /* Base */ = {isa = PBXFileReference; lastKnownFileType = file.storyboard; name = Base; path = Base.lproj/LaunchScreen.storyboard; sourceTree = "<group>"; };
		22DA8238216262B000F41133 /* Info.plist */ = {isa = PBXFileReference; lastKnownFileType = text.plist.xml; path = Info.plist; sourceTree = "<group>"; };
/* End PBXFileReference section */

/* Begin PBXFrameworksBuildPhase section */
		22DA8226216262AE00F41133 /* Frameworks */ = {
			isa = PBXFrameworksBuildPhase;
			buildActionMask = 2147483647;
			files = (
			);
			runOnlyForDeploymentPostprocessing = 0;
		};
/* End PBXFrameworksBuildPhase section */

/* Begin PBXGroup section */
		224E6C3E2163741D00507A45 /* ViewController */ = {
			isa = PBXGroup;
			children = (
				22DA822E216262AE00F41133 /* LoginViewController.swift */,
				224E6C3C2163741700507A45 /* JoinViewController.swift */,
				224E6C4021637AD300507A45 /* ResultViewController.swift */,
			);
			path = ViewController;
			sourceTree = "<group>";
		};
		224E6C3F2163743500507A45 /* Storyboard */ = {
			isa = PBXGroup;
			children = (
				22DA8230216262AE00F41133 /* Main.storyboard */,
				22DA8235216262B000F41133 /* LaunchScreen.storyboard */,
			);
			path = Storyboard;
			sourceTree = "<group>";
		};
		224E6C4221637FD800507A45 /* Util */ = {
			isa = PBXGroup;
			children = (
				224E6C432163800F00507A45 /* ExtensionControl.swift */,
			);
			path = Util;
			sourceTree = "<group>";
		};
		22DA8220216262AE00F41133 = {
			isa = PBXGroup;
			children = (
				22DA822B216262AE00F41133 /* iOS_HW1 */,
				22DA822A216262AE00F41133 /* Products */,
			);
			sourceTree = "<group>";
		};
		22DA822A216262AE00F41133 /* Products */ = {
			isa = PBXGroup;
			children = (
				22DA8229216262AE00F41133 /* iOS_HW1.app */,
			);
			name = Products;
			sourceTree = "<group>";
		};
		22DA822B216262AE00F41133 /* iOS_HW1 */ = {
			isa = PBXGroup;
			children = (
				22DA822C216262AE00F41133 /* AppDelegate.swift */,
				224E6C3E2163741D00507A45 /* ViewController */,
				224E6C3F2163743500507A45 /* Storyboard */,
				224E6C4221637FD800507A45 /* Util */,
				22DA8233216262B000F41133 /* Assets.xcassets */,
				22DA8238216262B000F41133 /* Info.plist */,
			);
			path = iOS_HW1;
			sourceTree = "<group>";
		};
/* End PBXGroup section */

/* Begin PBXNativeTarget section */
		22DA8228216262AE00F41133 /* iOS_HW1 */ = {
			isa = PBXNativeTarget;
			buildConfigurationList = 22DA823B216262B000F41133 /* Build configuration list for PBXNativeTarget "iOS_HW1" */;
			buildPhases = (
				22DA8225216262AE00F41133 /* Sources */,
				22DA8226216262AE00F41133 /* Frameworks */,
				22DA8227216262AE00F41133 /* Resources */,
			);
			buildRules = (
			);
			dependencies = (
			);
			name = iOS_HW1;
			productName = iOS_HW1;
			productReference = 22DA8229216262AE00F41133 /* iOS_HW1.app */;
			productType = "com.apple.product-type.application";
		};
/* End PBXNativeTarget section */

/* Begin PBXProject section */
		22DA8221216262AE00F41133 /* Project object */ = {
			isa = PBXProject;
			attributes = {
				LastSwiftUpdateCheck = 0940;
				LastUpgradeCheck = 0940;
				ORGANIZATIONNAME = kyeahen;
				TargetAttributes = {
					22DA8228216262AE00F41133 = {
						CreatedOnToolsVersion = 9.4.1;
					};
				};
			};
			buildConfigurationList = 22DA8224216262AE00F41133 /* Build configuration list for PBXProject "iOS_HW1" */;
			compatibilityVersion = "Xcode 9.3";
			developmentRegion = en;
			hasScannedForEncodings = 0;
			knownRegions = (
				en,
				Base,
			);
			mainGroup = 22DA8220216262AE00F41133;
			productRefGroup = 22DA822A216262AE00F41133 /* Products */;
			projectDirPath = "";
			projectRoot = "";
			targets = (
				22DA8228216262AE00F41133 /* iOS_HW1 */,
			);
		};
/* End PBXProject section */

/* Begin PBXResourcesBuildPhase section */
		22DA8227216262AE00F41133 /* Resources */ = {
			isa = PBXResourcesBuildPhase;
			buildActionMask = 2147483647;
			files = (
				22DA8237216262B000F41133 /* LaunchScreen.storyboard in Resources */,
				22DA8234216262B000F41133 /* Assets.xcassets in Resources */,
				22DA8232216262AE00F41133 /* Main.storyboard in Resources */,
			);
			runOnlyForDeploymentPostprocessing = 0;
		};
/* End PBXResourcesBuildPhase section */

/* Begin PBXSourcesBuildPhase section */
		22DA8225216262AE00F41133 /* Sources */ = {
			isa = PBXSourcesBuildPhase;
			buildActionMask = 2147483647;
			files = (
				22DA822F216262AE00F41133 /* LoginViewController.swift in Sources */,
				224E6C3D2163741700507A45 /* JoinViewController.swift in Sources */,
				22DA822D216262AE00F41133 /* AppDelegate.swift in Sources */,
				224E6C4121637AD300507A45 /* ResultViewController.swift in Sources */,
				224E6C442163800F00507A45 /* ExtensionControl.swift in Sources */,
			);
			runOnlyForDeploymentPostprocessing = 0;
		};
/* End PBXSourcesBuildPhase section */

/* Begin PBXVariantGroup section */
		22DA8230216262AE00F41133 /* Main.storyboard */ = {
			isa = PBXVariantGroup;
			children = (
				22DA8231216262AE00F41133 /* Base */,
			);
			name = Main.storyboard;
			sourceTree = "<group>";
		};
		22DA8235216262B000F41133 /* LaunchScreen.storyboard */ = {
			isa = PBXVariantGroup;
			children = (
				22DA8236216262B000F41133 /* Base */,
			);
			name = LaunchScreen.storyboard;
			sourceTree = "<group>";
		};
/* End PBXVariantGroup section */

/* Begin XCBuildConfiguration section */
		22DA8239216262B000F41133 /* Debug */ = {
			isa = XCBuildConfiguration;
			buildSettings = {
				ALWAYS_SEARCH_USER_PATHS = NO;
				CLANG_ANALYZER_NONNULL = YES;
				CLANG_ANALYZER_NUMBER_OBJECT_CONVERSION = YES_AGGRESSIVE;
				CLANG_CXX_LANGUAGE_STANDARD = "gnu++14";
				CLANG_CXX_LIBRARY = "libc++";
				CLANG_ENABLE_MODULES = YES;
				CLANG_ENABLE_OBJC_ARC = YES;
				CLANG_ENABLE_OBJC_WEAK = YES;
				CLANG_WARN_BLOCK_CAPTURE_AUTORELEASING = YES;
				CLANG_WARN_BOOL_CONVERSION = YES;
				CLANG_WARN_COMMA = YES;
				CLANG_WARN_CONSTANT_CONVERSION = YES;
				CLANG_WARN_DEPRECATED_OBJC_IMPLEMENTATIONS = YES;
				CLANG_WARN_DIRECT_OBJC_ISA_USAGE = YES_ERROR;
				CLANG_WARN_DOCUMENTATION_COMMENTS = YES;
				CLANG_WARN_EMPTY_BODY = YES;
				CLANG_WARN_ENUM_CONVERSION = YES;
				CLANG_WARN_INFINITE_RECURSION = YES;
				CLANG_WARN_INT_CONVERSION = YES;
				CLANG_WARN_NON_LITERAL_NULL_CONVERSION = YES;
				CLANG_WARN_OBJC_IMPLICIT_RETAIN_SELF = YES;
				CLANG_WARN_OBJC_LITERAL_CONVERSION = YES;
				CLANG_WARN_OBJC_ROOT_CLASS = YES_ERROR;
				CLANG_WARN_RANGE_LOOP_ANALYSIS = YES;
				CLANG_WARN_STRICT_PROTOTYPES = YES;
				CLANG_WARN_SUSPICIOUS_MOVE = YES;
				CLANG_WARN_UNGUARDED_AVAILABILITY = YES_AGGRESSIVE;
				CLANG_WARN_UNREACHABLE_CODE = YES;
				CLANG_WARN__DUPLICATE_METHOD_MATCH = YES;
				CODE_SIGN_IDENTITY = "iPhone Developer";
				COPY_PHASE_STRIP = NO;
				DEBUG_INFORMATION_FORMAT = dwarf;
				ENABLE_STRICT_OBJC_MSGSEND = YES;
				ENABLE_TESTABILITY = YES;
				GCC_C_LANGUAGE_STANDARD = gnu11;
				GCC_DYNAMIC_NO_PIC = NO;
				GCC_NO_COMMON_BLOCKS = YES;
				GCC_OPTIMIZATION_LEVEL = 0;
				GCC_PREPROCESSOR_DEFINITIONS = (
					"DEBUG=1",
					"$(inherited)",
				);
				GCC_WARN_64_TO_32_BIT_CONVERSION = YES;
				GCC_WARN_ABOUT_RETURN_TYPE = YES_ERROR;
				GCC_WARN_UNDECLARED_SELECTOR = YES;
				GCC_WARN_UNINITIALIZED_AUTOS = YES_AGGRESSIVE;
				GCC_WARN_UNUSED_FUNCTION = YES;
				GCC_WARN_UNUSED_VARIABLE = YES;
				IPHONEOS_DEPLOYMENT_TARGET = 11.4;
				MTL_ENABLE_DEBUG_INFO = YES;
				ONLY_ACTIVE_ARCH = YES;
				SDKROOT = iphoneos;
				SWIFT_ACTIVE_COMPILATION_CONDITIONS = DEBUG;
				SWIFT_OPTIMIZATION_LEVEL = "-Onone";
			};
			name = Debug;
		};
		22DA823A216262B000F41133 /* Release */ = {
			isa = XCBuildConfiguration;
			buildSettings = {
				ALWAYS_SEARCH_USER_PATHS = NO;
				CLANG_ANALYZER_NONNULL = YES;
				CLANG_ANALYZER_NUMBER_OBJECT_CONVERSION = YES_AGGRESSIVE;
				CLANG_CXX_LANGUAGE_STANDARD = "gnu++14";
				CLANG_CXX_LIBRARY = "libc++";
				CLANG_ENABLE_MODULES = YES;
				CLANG_ENABLE_OBJC_ARC = YES;
				CLANG_ENABLE_OBJC_WEAK = YES;
				CLANG_WARN_BLOCK_CAPTURE_AUTORELEASING = YES;
				CLANG_WARN_BOOL_CONVERSION = YES;
				CLANG_WARN_COMMA = YES;
				CLANG_WARN_CONSTANT_CONVERSION = YES;
				CLANG_WARN_DEPRECATED_OBJC_IMPLEMENTATIONS = YES;
				CLANG_WARN_DIRECT_OBJC_ISA_USAGE = YES_ERROR;
				CLANG_WARN_DOCUMENTATION_COMMENTS = YES;
				CLANG_WARN_EMPTY_BODY = YES;
				CLANG_WARN_ENUM_CONVERSION = YES;
				CLANG_WARN_INFINITE_RECURSION = YES;
				CLANG_WARN_INT_CONVERSION = YES;
				CLANG_WARN_NON_LITERAL_NULL_CONVERSION = YES;
				CLANG_WARN_OBJC_IMPLICIT_RETAIN_SELF = YES;
				CLANG_WARN_OBJC_LITERAL_CONVERSION = YES;
				CLANG_WARN_OBJC_ROOT_CLASS = YES_ERROR;
				CLANG_WARN_RANGE_LOOP_ANALYSIS = YES;
				CLANG_WARN_STRICT_PROTOTYPES = YES;
				CLANG_WARN_SUSPICIOUS_MOVE = YES;
				CLANG_WARN_UNGUARDED_AVAILABILITY = YES_AGGRESSIVE;
				CLANG_WARN_UNREACHABLE_CODE = YES;
				CLANG_WARN__DUPLICATE_METHOD_MATCH = YES;
				CODE_SIGN_IDENTITY = "iPhone Developer";
				COPY_PHASE_STRIP = NO;
				DEBUG_INFORMATION_FORMAT = "dwarf-with-dsym";
				ENABLE_NS_ASSERTIONS = NO;
				ENABLE_STRICT_OBJC_MSGSEND = YES;
				GCC_C_LANGUAGE_STANDARD = gnu11;
				GCC_NO_COMMON_BLOCKS = YES;
				GCC_WARN_64_TO_32_BIT_CONVERSION = YES;
				GCC_WARN_ABOUT_RETURN_TYPE = YES_ERROR;
				GCC_WARN_UNDECLARED_SELECTOR = YES;
				GCC_WARN_UNINITIALIZED_AUTOS = YES_AGGRESSIVE;
				GCC_WARN_UNUSED_FUNCTION = YES;
				GCC_WARN_UNUSED_VARIABLE = YES;
				IPHONEOS_DEPLOYMENT_TARGET = 11.4;
				MTL_ENABLE_DEBUG_INFO = NO;
				SDKROOT = iphoneos;
				SWIFT_COMPILATION_MODE = wholemodule;
				SWIFT_OPTIMIZATION_LEVEL = "-O";
				VALIDATE_PRODUCT = YES;
			};
			name = Release;
		};
		22DA823C216262B000F41133 /* Debug */ = {
			isa = XCBuildConfiguration;
			buildSettings = {
				ASSETCATALOG_COMPILER_APPICON_NAME = AppIcon;
				CODE_SIGN_STYLE = Automatic;
				INFOPLIST_FILE = iOS_HW1/Info.plist;
				LD_RUNPATH_SEARCH_PATHS = (
					"$(inherited)",
					"@executable_path/Frameworks",
				);
				PRODUCT_BUNDLE_IDENTIFIER = "com.sopt23.iOS.iOS-HW1";
				PRODUCT_NAME = "$(TARGET_NAME)";
				SWIFT_VERSION = 4.0;
				TARGETED_DEVICE_FAMILY = "1,2";
			};
			name = Debug;
		};
		22DA823D216262B000F41133 /* Release */ = {
			isa = XCBuildConfiguration;
			buildSettings = {
				ASSETCATALOG_COMPILER_APPICON_NAME = AppIcon;
				CODE_SIGN_STYLE = Automatic;
				INFOPLIST_FILE = iOS_HW1/Info.plist;
				LD_RUNPATH_SEARCH_PATHS = (
					"$(inherited)",
					"@executable_path/Frameworks",
				);
				PRODUCT_BUNDLE_IDENTIFIER = "com.sopt23.iOS.iOS-HW1";
				PRODUCT_NAME = "$(TARGET_NAME)";
				SWIFT_VERSION = 4.0;
				TARGETED_DEVICE_FAMILY = "1,2";
			};
			name = Release;
		};
/* End XCBuildConfiguration section */

/* Begin XCConfigurationList section */
		22DA8224216262AE00F41133 /* Build configuration list for PBXProject "iOS_HW1" */ = {
			isa = XCConfigurationList;
			buildConfigurations = (
				22DA8239216262B000F41133 /* Debug */,
				22DA823A216262B000F41133 /* Release */,
			);
			defaultConfigurationIsVisible = 0;
			defaultConfigurationName = Release;
		};
		22DA823B216262B000F41133 /* Build configuration list for PBXNativeTarget "iOS_HW1" */ = {
			isa = XCConfigurationList;
			buildConfigurations = (
				22DA823C216262B000F41133 /* Debug */,
				22DA823D216262B000F41133 /* Release */,
			);
			defaultConfigurationIsVisible = 0;
			defaultConfigurationName = Release;
		};
/* End XCConfigurationList section */
	};
	rootObject = 22DA8221216262AE00F41133 /* Project object */;
}
